// !$*UTF8*$!
{
	archiveVersion = 1;
	classes = {
	};
	objectVersion = 56;
	objects = {

/* Begin PBXBuildFile section */
		BF6B984E2BAF731800F17A14 /* AppDelegate.swift in Sources */ = {isa = PBXBuildFile; fileRef = BF6B984D2BAF731800F17A14 /* AppDelegate.swift */; };
		BF6B98502BAF731800F17A14 /* SceneDelegate.swift in Sources */ = {isa = PBXBuildFile; fileRef = BF6B984F2BAF731800F17A14 /* SceneDelegate.swift */; };
		BF6B98552BAF731800F17A14 /* Base in Resources */ = {isa = PBXBuildFile; fileRef = BF6B98542BAF731800F17A14 /* Base */; };
		BF6B98572BAF731A00F17A14 /* Assets.xcassets in Resources */ = {isa = PBXBuildFile; fileRef = BF6B98562BAF731A00F17A14 /* Assets.xcassets */; };
		BF6B985A2BAF731A00F17A14 /* Base in Resources */ = {isa = PBXBuildFile; fileRef = BF6B98592BAF731A00F17A14 /* Base */; };
		BF6B98652BAF731A00F17A14 /* RecipesBookTests.swift in Sources */ = {isa = PBXBuildFile; fileRef = BF6B98642BAF731A00F17A14 /* RecipesBookTests.swift */; };
		BF6B986F2BAF731A00F17A14 /* RecipesBookUITests.swift in Sources */ = {isa = PBXBuildFile; fileRef = BF6B986E2BAF731A00F17A14 /* RecipesBookUITests.swift */; };
		BF6B98712BAF731A00F17A14 /* RecipesBookUITestsLaunchTests.swift in Sources */ = {isa = PBXBuildFile; fileRef = BF6B98702BAF731A00F17A14 /* RecipesBookUITestsLaunchTests.swift */; };
		BF6B987F2BAF78BB00F17A14 /* Recipe.swift in Sources */ = {isa = PBXBuildFile; fileRef = BF6B987E2BAF78BB00F17A14 /* Recipe.swift */; };
		BF6B98832BAF7DF500F17A14 /* RecipesTableViewController.swift in Sources */ = {isa = PBXBuildFile; fileRef = BF6B98822BAF7DF500F17A14 /* RecipesTableViewController.swift */; };
/* End PBXBuildFile section */

/* Begin PBXContainerItemProxy section */
		BF6B98612BAF731A00F17A14 /* PBXContainerItemProxy */ = {
			isa = PBXContainerItemProxy;
			containerPortal = BF6B98422BAF731700F17A14 /* Project object */;
			proxyType = 1;
			remoteGlobalIDString = BF6B98492BAF731800F17A14;
			remoteInfo = RecipesBook;
		};
		BF6B986B2BAF731A00F17A14 /* PBXContainerItemProxy */ = {
			isa = PBXContainerItemProxy;
			containerPortal = BF6B98422BAF731700F17A14 /* Project object */;
			proxyType = 1;
			remoteGlobalIDString = BF6B98492BAF731800F17A14;
			remoteInfo = RecipesBook;
		};
/* End PBXContainerItemProxy section */

/* Begin PBXFileReference section */
		BF6B984A2BAF731800F17A14 /* RecipesBook.app */ = {isa = PBXFileReference; explicitFileType = wrapper.application; includeInIndex = 0; path = RecipesBook.app; sourceTree = BUILT_PRODUCTS_DIR; };
		BF6B984D2BAF731800F17A14 /* AppDelegate.swift */ = {isa = PBXFileReference; lastKnownFileType = sourcecode.swift; path = AppDelegate.swift; sourceTree = "<group>"; };
		BF6B984F2BAF731800F17A14 /* SceneDelegate.swift */ = {isa = PBXFileReference; lastKnownFileType = sourcecode.swift; path = SceneDelegate.swift; sourceTree = "<group>"; };
		BF6B98542BAF731800F17A14 /* Base */ = {isa = PBXFileReference; lastKnownFileType = file.storyboard; name = Base; path = Base.lproj/Main.storyboard; sourceTree = "<group>"; };
		BF6B98562BAF731A00F17A14 /* Assets.xcassets */ = {isa = PBXFileReference; lastKnownFileType = folder.assetcatalog; path = Assets.xcassets; sourceTree = "<group>"; };
		BF6B98592BAF731A00F17A14 /* Base */ = {isa = PBXFileReference; lastKnownFileType = file.storyboard; name = Base; path = Base.lproj/LaunchScreen.storyboard; sourceTree = "<group>"; };
		BF6B985B2BAF731A00F17A14 /* Info.plist */ = {isa = PBXFileReference; lastKnownFileType = text.plist.xml; path = Info.plist; sourceTree = "<group>"; };
		BF6B98602BAF731A00F17A14 /* RecipesBookTests.xctest */ = {isa = PBXFileReference; explicitFileType = wrapper.cfbundle; includeInIndex = 0; path = RecipesBookTests.xctest; sourceTree = BUILT_PRODUCTS_DIR; };
		BF6B98642BAF731A00F17A14 /* RecipesBookTests.swift */ = {isa = PBXFileReference; lastKnownFileType = sourcecode.swift; path = RecipesBookTests.swift; sourceTree = "<group>"; };
		BF6B986A2BAF731A00F17A14 /* RecipesBookUITests.xctest */ = {isa = PBXFileReference; explicitFileType = wrapper.cfbundle; includeInIndex = 0; path = RecipesBookUITests.xctest; sourceTree = BUILT_PRODUCTS_DIR; };
		BF6B986E2BAF731A00F17A14 /* RecipesBookUITests.swift */ = {isa = PBXFileReference; lastKnownFileType = sourcecode.swift; path = RecipesBookUITests.swift; sourceTree = "<group>"; };
		BF6B98702BAF731A00F17A14 /* RecipesBookUITestsLaunchTests.swift */ = {isa = PBXFileReference; lastKnownFileType = sourcecode.swift; path = RecipesBookUITestsLaunchTests.swift; sourceTree = "<group>"; };
		BF6B987E2BAF78BB00F17A14 /* Recipe.swift */ = {isa = PBXFileReference; lastKnownFileType = sourcecode.swift; path = Recipe.swift; sourceTree = "<group>"; };
		BF6B98822BAF7DF500F17A14 /* RecipesTableViewController.swift */ = {isa = PBXFileReference; lastKnownFileType = sourcecode.swift; path = RecipesTableViewController.swift; sourceTree = "<group>"; };
/* End PBXFileReference section */

/* Begin PBXFrameworksBuildPhase section */
		BF6B98472BAF731800F17A14 /* Frameworks */ = {
			isa = PBXFrameworksBuildPhase;
			buildActionMask = 2147483647;
			files = (
			);
			runOnlyForDeploymentPostprocessing = 0;
		};
		BF6B985D2BAF731A00F17A14 /* Frameworks */ = {
			isa = PBXFrameworksBuildPhase;
			buildActionMask = 2147483647;
			files = (
			);
			runOnlyForDeploymentPostprocessing = 0;
		};
		BF6B98672BAF731A00F17A14 /* Frameworks */ = {
			isa = PBXFrameworksBuildPhase;
			buildActionMask = 2147483647;
			files = (
			);
			runOnlyForDeploymentPostprocessing = 0;
		};
/* End PBXFrameworksBuildPhase section */

/* Begin PBXGroup section */
		BF6B98412BAF731700F17A14 = {
			isa = PBXGroup;
			children = (
				BF6B984C2BAF731800F17A14 /* RecipesBook */,
				BF6B98632BAF731A00F17A14 /* RecipesBookTests */,
				BF6B986D2BAF731A00F17A14 /* RecipesBookUITests */,
				BF6B984B2BAF731800F17A14 /* Products */,
			);
			sourceTree = "<group>";
		};
		BF6B984B2BAF731800F17A14 /* Products */ = {
			isa = PBXGroup;
			children = (
				BF6B984A2BAF731800F17A14 /* RecipesBook.app */,
				BF6B98602BAF731A00F17A14 /* RecipesBookTests.xctest */,
				BF6B986A2BAF731A00F17A14 /* RecipesBookUITests.xctest */,
			);
			name = Products;
			sourceTree = "<group>";
		};
		BF6B984C2BAF731800F17A14 /* RecipesBook */ = {
			isa = PBXGroup;
			children = (
				BF6B98812BAF79CD00F17A14 /* App */,
				BF6B98802BAF79B700F17A14 /* Controllers */,
				BF6B987D2BAF789D00F17A14 /* Model */,
				BF6B98532BAF731800F17A14 /* Main.storyboard */,
				BF6B98562BAF731A00F17A14 /* Assets.xcassets */,
				BF6B98582BAF731A00F17A14 /* LaunchScreen.storyboard */,
			);
			path = RecipesBook;
			sourceTree = "<group>";
		};
		BF6B98632BAF731A00F17A14 /* RecipesBookTests */ = {
			isa = PBXGroup;
			children = (
				BF6B98642BAF731A00F17A14 /* RecipesBookTests.swift */,
			);
			path = RecipesBookTests;
			sourceTree = "<group>";
		};
		BF6B986D2BAF731A00F17A14 /* RecipesBookUITests */ = {
			isa = PBXGroup;
			children = (
				BF6B986E2BAF731A00F17A14 /* RecipesBookUITests.swift */,
				BF6B98702BAF731A00F17A14 /* RecipesBookUITestsLaunchTests.swift */,
			);
			path = RecipesBookUITests;
			sourceTree = "<group>";
		};
		BF6B987D2BAF789D00F17A14 /* Model */ = {
			isa = PBXGroup;
			children = (
				BF6B987E2BAF78BB00F17A14 /* Recipe.swift */,
			);
			path = Model;
			sourceTree = "<group>";
		};
		BF6B98802BAF79B700F17A14 /* Controllers */ = {
			isa = PBXGroup;
			children = (
				BF6B98822BAF7DF500F17A14 /* RecipesTableViewController.swift */,
			);
			path = Controllers;
			sourceTree = "<group>";
		};
		BF6B98812BAF79CD00F17A14 /* App */ = {
			isa = PBXGroup;
			children = (
				BF6B984D2BAF731800F17A14 /* AppDelegate.swift */,
				BF6B984F2BAF731800F17A14 /* SceneDelegate.swift */,
				BF6B985B2BAF731A00F17A14 /* Info.plist */,
			);
			path = App;
			sourceTree = "<group>";
		};
/* End PBXGroup section */

/* Begin PBXNativeTarget section */
		BF6B98492BAF731800F17A14 /* RecipesBook */ = {
			isa = PBXNativeTarget;
			buildConfigurationList = BF6B98742BAF731A00F17A14 /* Build configuration list for PBXNativeTarget "RecipesBook" */;
			buildPhases = (
				BF6B98462BAF731800F17A14 /* Sources */,
				BF6B98472BAF731800F17A14 /* Frameworks */,
				BF6B98482BAF731800F17A14 /* Resources */,
			);
			buildRules = (
			);
			dependencies = (
			);
			name = RecipesBook;
			productName = RecipesBook;
			productReference = BF6B984A2BAF731800F17A14 /* RecipesBook.app */;
			productType = "com.apple.product-type.application";
		};
		BF6B985F2BAF731A00F17A14 /* RecipesBookTests */ = {
			isa = PBXNativeTarget;
			buildConfigurationList = BF6B98772BAF731A00F17A14 /* Build configuration list for PBXNativeTarget "RecipesBookTests" */;
			buildPhases = (
				BF6B985C2BAF731A00F17A14 /* Sources */,
				BF6B985D2BAF731A00F17A14 /* Frameworks */,
				BF6B985E2BAF731A00F17A14 /* Resources */,
			);
			buildRules = (
			);
			dependencies = (
				BF6B98622BAF731A00F17A14 /* PBXTargetDependency */,
			);
			name = RecipesBookTests;
			productName = RecipesBookTests;
			productReference = BF6B98602BAF731A00F17A14 /* RecipesBookTests.xctest */;
			productType = "com.apple.product-type.bundle.unit-test";
		};
		BF6B98692BAF731A00F17A14 /* RecipesBookUITests */ = {
			isa = PBXNativeTarget;
			buildConfigurationList = BF6B987A2BAF731A00F17A14 /* Build configuration list for PBXNativeTarget "RecipesBookUITests" */;
			buildPhases = (
				BF6B98662BAF731A00F17A14 /* Sources */,
				BF6B98672BAF731A00F17A14 /* Frameworks */,
				BF6B98682BAF731A00F17A14 /* Resources */,
			);
			buildRules = (
			);
			dependencies = (
				BF6B986C2BAF731A00F17A14 /* PBXTargetDependency */,
			);
			name = RecipesBookUITests;
			productName = RecipesBookUITests;
			productReference = BF6B986A2BAF731A00F17A14 /* RecipesBookUITests.xctest */;
			productType = "com.apple.product-type.bundle.ui-testing";
		};
/* End PBXNativeTarget section */

/* Begin PBXProject section */
		BF6B98422BAF731700F17A14 /* Project object */ = {
			isa = PBXProject;
			attributes = {
				BuildIndependentTargetsInParallel = 1;
				LastSwiftUpdateCheck = 1530;
				LastUpgradeCheck = 1530;
				TargetAttributes = {
					BF6B98492BAF731800F17A14 = {
						CreatedOnToolsVersion = 15.3;
					};
					BF6B985F2BAF731A00F17A14 = {
						CreatedOnToolsVersion = 15.3;
						TestTargetID = BF6B98492BAF731800F17A14;
					};
					BF6B98692BAF731A00F17A14 = {
						CreatedOnToolsVersion = 15.3;
						TestTargetID = BF6B98492BAF731800F17A14;
					};
				};
			};
			buildConfigurationList = BF6B98452BAF731700F17A14 /* Build configuration list for PBXProject "RecipesBook" */;
			compatibilityVersion = "Xcode 14.0";
			developmentRegion = en;
			hasScannedForEncodings = 0;
			knownRegions = (
				en,
				Base,
			);
			mainGroup = BF6B98412BAF731700F17A14;
			productRefGroup = BF6B984B2BAF731800F17A14 /* Products */;
			projectDirPath = "";
			projectRoot = "";
			targets = (
				BF6B98492BAF731800F17A14 /* RecipesBook */,
				BF6B985F2BAF731A00F17A14 /* RecipesBookTests */,
				BF6B98692BAF731A00F17A14 /* RecipesBookUITests */,
			);
		};
/* End PBXProject section */

/* Begin PBXResourcesBuildPhase section */
		BF6B98482BAF731800F17A14 /* Resources */ = {
			isa = PBXResourcesBuildPhase;
			buildActionMask = 2147483647;
			files = (
				BF6B98572BAF731A00F17A14 /* Assets.xcassets in Resources */,
				BF6B985A2BAF731A00F17A14 /* Base in Resources */,
				BF6B98552BAF731800F17A14 /* Base in Resources */,
			);
			runOnlyForDeploymentPostprocessing = 0;
		};
		BF6B985E2BAF731A00F17A14 /* Resources */ = {
			isa = PBXResourcesBuildPhase;
			buildActionMask = 2147483647;
			files = (
			);
			runOnlyForDeploymentPostprocessing = 0;
		};
		BF6B98682BAF731A00F17A14 /* Resources */ = {
			isa = PBXResourcesBuildPhase;
			buildActionMask = 2147483647;
			files = (
			);
			runOnlyForDeploymentPostprocessing = 0;
		};
/* End PBXResourcesBuildPhase section */

/* Begin PBXSourcesBuildPhase section */
		BF6B98462BAF731800F17A14 /* Sources */ = {
			isa = PBXSourcesBuildPhase;
			buildActionMask = 2147483647;
			files = (
				BF6B984E2BAF731800F17A14 /* AppDelegate.swift in Sources */,
				BF6B98502BAF731800F17A14 /* SceneDelegate.swift in Sources */,
				BF6B98832BAF7DF500F17A14 /* RecipesTableViewController.swift in Sources */,
				BF6B987F2BAF78BB00F17A14 /* Recipe.swift in Sources */,
			);
			runOnlyForDeploymentPostprocessing = 0;
		};
		BF6B985C2BAF731A00F17A14 /* Sources */ = {
			isa = PBXSourcesBuildPhase;
			buildActionMask = 2147483647;
			files = (
				BF6B98652BAF731A00F17A14 /* RecipesBookTests.swift in Sources */,
			);
			runOnlyForDeploymentPostprocessing = 0;
		};
		BF6B98662BAF731A00F17A14 /* Sources */ = {
			isa = PBXSourcesBuildPhase;
			buildActionMask = 2147483647;
			files = (
				BF6B986F2BAF731A00F17A14 /* RecipesBookUITests.swift in Sources */,
				BF6B98712BAF731A00F17A14 /* RecipesBookUITestsLaunchTests.swift in Sources */,
			);
			runOnlyForDeploymentPostprocessing = 0;
		};
/* End PBXSourcesBuildPhase section */

/* Begin PBXTargetDependency section */
		BF6B98622BAF731A00F17A14 /* PBXTargetDependency */ = {
			isa = PBXTargetDependency;
			target = BF6B98492BAF731800F17A14 /* RecipesBook */;
			targetProxy = BF6B98612BAF731A00F17A14 /* PBXContainerItemProxy */;
		};
		BF6B986C2BAF731A00F17A14 /* PBXTargetDependency */ = {
			isa = PBXTargetDependency;
			target = BF6B98492BAF731800F17A14 /* RecipesBook */;
			targetProxy = BF6B986B2BAF731A00F17A14 /* PBXContainerItemProxy */;
		};
/* End PBXTargetDependency section */

/* Begin PBXVariantGroup section */
		BF6B98532BAF731800F17A14 /* Main.storyboard */ = {
			isa = PBXVariantGroup;
			children = (
				BF6B98542BAF731800F17A14 /* Base */,
			);
			name = Main.storyboard;
			sourceTree = "<group>";
		};
		BF6B98582BAF731A00F17A14 /* LaunchScreen.storyboard */ = {
			isa = PBXVariantGroup;
			children = (
				BF6B98592BAF731A00F17A14 /* Base */,
			);
			name = LaunchScreen.storyboard;
			sourceTree = "<group>";
		};
/* End PBXVariantGroup section */

/* Begin XCBuildConfiguration section */
		BF6B98722BAF731A00F17A14 /* Debug */ = {
			isa = XCBuildConfiguration;
			buildSettings = {
				ALWAYS_SEARCH_USER_PATHS = NO;
				ASSETCATALOG_COMPILER_GENERATE_SWIFT_ASSET_SYMBOL_EXTENSIONS = YES;
				CLANG_ANALYZER_NONNULL = YES;
				CLANG_ANALYZER_NUMBER_OBJECT_CONVERSION = YES_AGGRESSIVE;
				CLANG_CXX_LANGUAGE_STANDARD = "gnu++20";
				CLANG_ENABLE_MODULES = YES;
				CLANG_ENABLE_OBJC_ARC = YES;
				CLANG_ENABLE_OBJC_WEAK = YES;
				CLANG_WARN_BLOCK_CAPTURE_AUTORELEASING = YES;
				CLANG_WARN_BOOL_CONVERSION = YES;
				CLANG_WARN_COMMA = YES;
				CLANG_WARN_CONSTANT_CONVERSION = YES;
				CLANG_WARN_DEPRECATED_OBJC_IMPLEMENTATIONS = YES;
				CLANG_WARN_DIRECT_OBJC_ISA_USAGE = YES_ERROR;
				CLANG_WARN_DOCUMENTATION_COMMENTS = YES;
				CLANG_WARN_EMPTY_BODY = YES;
				CLANG_WARN_ENUM_CONVERSION = YES;
				CLANG_WARN_INFINITE_RECURSION = YES;
				CLANG_WARN_INT_CONVERSION = YES;
				CLANG_WARN_NON_LITERAL_NULL_CONVERSION = YES;
				CLANG_WARN_OBJC_IMPLICIT_RETAIN_SELF = YES;
				CLANG_WARN_OBJC_LITERAL_CONVERSION = YES;
				CLANG_WARN_OBJC_ROOT_CLASS = YES_ERROR;
				CLANG_WARN_QUOTED_INCLUDE_IN_FRAMEWORK_HEADER = YES;
				CLANG_WARN_RANGE_LOOP_ANALYSIS = YES;
				CLANG_WARN_STRICT_PROTOTYPES = YES;
				CLANG_WARN_SUSPICIOUS_MOVE = YES;
				CLANG_WARN_UNGUARDED_AVAILABILITY = YES_AGGRESSIVE;
				CLANG_WARN_UNREACHABLE_CODE = YES;
				CLANG_WARN__DUPLICATE_METHOD_MATCH = YES;
				COPY_PHASE_STRIP = NO;
				DEBUG_INFORMATION_FORMAT = dwarf;
				ENABLE_STRICT_OBJC_MSGSEND = YES;
				ENABLE_TESTABILITY = YES;
				ENABLE_USER_SCRIPT_SANDBOXING = YES;
				GCC_C_LANGUAGE_STANDARD = gnu17;
				GCC_DYNAMIC_NO_PIC = NO;
				GCC_NO_COMMON_BLOCKS = YES;
				GCC_OPTIMIZATION_LEVEL = 0;
				GCC_PREPROCESSOR_DEFINITIONS = (
					"DEBUG=1",
					"$(inherited)",
				);
				GCC_WARN_64_TO_32_BIT_CONVERSION = YES;
				GCC_WARN_ABOUT_RETURN_TYPE = YES_ERROR;
				GCC_WARN_UNDECLARED_SELECTOR = YES;
				GCC_WARN_UNINITIALIZED_AUTOS = YES_AGGRESSIVE;
				GCC_WARN_UNUSED_FUNCTION = YES;
				GCC_WARN_UNUSED_VARIABLE = YES;
				IPHONEOS_DEPLOYMENT_TARGET = 17.4;
				LOCALIZATION_PREFERS_STRING_CATALOGS = YES;
				MTL_ENABLE_DEBUG_INFO = INCLUDE_SOURCE;
				MTL_FAST_MATH = YES;
				ONLY_ACTIVE_ARCH = YES;
				SDKROOT = iphoneos;
				SWIFT_ACTIVE_COMPILATION_CONDITIONS = "DEBUG $(inherited)";
				SWIFT_OPTIMIZATION_LEVEL = "-Onone";
			};
			name = Debug;
		};
		BF6B98732BAF731A00F17A14 /* Release */ = {
			isa = XCBuildConfiguration;
			buildSettings = {
				ALWAYS_SEARCH_USER_PATHS = NO;
				ASSETCATALOG_COMPILER_GENERATE_SWIFT_ASSET_SYMBOL_EXTENSIONS = YES;
				CLANG_ANALYZER_NONNULL = YES;
				CLANG_ANALYZER_NUMBER_OBJECT_CONVERSION = YES_AGGRESSIVE;
				CLANG_CXX_LANGUAGE_STANDARD = "gnu++20";
				CLANG_ENABLE_MODULES = YES;
				CLANG_ENABLE_OBJC_ARC = YES;
				CLANG_ENABLE_OBJC_WEAK = YES;
				CLANG_WARN_BLOCK_CAPTURE_AUTORELEASING = YES;
				CLANG_WARN_BOOL_CONVERSION = YES;
				CLANG_WARN_COMMA = YES;
				CLANG_WARN_CONSTANT_CONVERSION = YES;
				CLANG_WARN_DEPRECATED_OBJC_IMPLEMENTATIONS = YES;
				CLANG_WARN_DIRECT_OBJC_ISA_USAGE = YES_ERROR;
				CLANG_WARN_DOCUMENTATION_COMMENTS = YES;
				CLANG_WARN_EMPTY_BODY = YES;
				CLANG_WARN_ENUM_CONVERSION = YES;
				CLANG_WARN_INFINITE_RECURSION = YES;
				CLANG_WARN_INT_CONVERSION = YES;
				CLANG_WARN_NON_LITERAL_NULL_CONVERSION = YES;
				CLANG_WARN_OBJC_IMPLICIT_RETAIN_SELF = YES;
				CLANG_WARN_OBJC_LITERAL_CONVERSION = YES;
				CLANG_WARN_OBJC_ROOT_CLASS = YES_ERROR;
				CLANG_WARN_QUOTED_INCLUDE_IN_FRAMEWORK_HEADER = YES;
				CLANG_WARN_RANGE_LOOP_ANALYSIS = YES;
				CLANG_WARN_STRICT_PROTOTYPES = YES;
				CLANG_WARN_SUSPICIOUS_MOVE = YES;
				CLANG_WARN_UNGUARDED_AVAILABILITY = YES_AGGRESSIVE;
				CLANG_WARN_UNREACHABLE_CODE = YES;
				CLANG_WARN__DUPLICATE_METHOD_MATCH = YES;
				COPY_PHASE_STRIP = NO;
				DEBUG_INFORMATION_FORMAT = "dwarf-with-dsym";
				ENABLE_NS_ASSERTIONS = NO;
				ENABLE_STRICT_OBJC_MSGSEND = YES;
				ENABLE_USER_SCRIPT_SANDBOXING = YES;
				GCC_C_LANGUAGE_STANDARD = gnu17;
				GCC_NO_COMMON_BLOCKS = YES;
				GCC_WARN_64_TO_32_BIT_CONVERSION = YES;
				GCC_WARN_ABOUT_RETURN_TYPE = YES_ERROR;
				GCC_WARN_UNDECLARED_SELECTOR = YES;
				GCC_WARN_UNINITIALIZED_AUTOS = YES_AGGRESSIVE;
				GCC_WARN_UNUSED_FUNCTION = YES;
				GCC_WARN_UNUSED_VARIABLE = YES;
				IPHONEOS_DEPLOYMENT_TARGET = 17.4;
				LOCALIZATION_PREFERS_STRING_CATALOGS = YES;
				MTL_ENABLE_DEBUG_INFO = NO;
				MTL_FAST_MATH = YES;
				SDKROOT = iphoneos;
				SWIFT_COMPILATION_MODE = wholemodule;
				VALIDATE_PRODUCT = YES;
			};
			name = Release;
		};
		BF6B98752BAF731A00F17A14 /* Debug */ = {
			isa = XCBuildConfiguration;
			buildSettings = {
				ASSETCATALOG_COMPILER_APPICON_NAME = AppIcon;
				ASSETCATALOG_COMPILER_GLOBAL_ACCENT_COLOR_NAME = AccentColor;
				CODE_SIGN_STYLE = Automatic;
				CURRENT_PROJECT_VERSION = 1;
				GENERATE_INFOPLIST_FILE = YES;
				INFOPLIST_FILE = RecipesBook/App/Info.plist;
				INFOPLIST_KEY_UIApplicationSupportsIndirectInputEvents = YES;
				INFOPLIST_KEY_UILaunchStoryboardName = LaunchScreen;
				INFOPLIST_KEY_UIMainStoryboardFile = Main;
				INFOPLIST_KEY_UISupportedInterfaceOrientations_iPad = "UIInterfaceOrientationPortrait UIInterfaceOrientationPortraitUpsideDown UIInterfaceOrientationLandscapeLeft UIInterfaceOrientationLandscapeRight";
				INFOPLIST_KEY_UISupportedInterfaceOrientations_iPhone = "UIInterfaceOrientationPortrait UIInterfaceOrientationLandscapeLeft UIInterfaceOrientationLandscapeRight";
				LD_RUNPATH_SEARCH_PATHS = (
					"$(inherited)",
					"@executable_path/Frameworks",
				);
				MARKETING_VERSION = 1.0;
				PRODUCT_BUNDLE_IDENTIFIER = com.rakhymzhan.RecipesBook;
				PRODUCT_NAME = "$(TARGET_NAME)";
				SWIFT_EMIT_LOC_STRINGS = YES;
				SWIFT_VERSION = 5.0;
				TARGETED_DEVICE_FAMILY = "1,2";
			};
			name = Debug;
		};
		BF6B98762BAF731A00F17A14 /* Release */ = {
			isa = XCBuildConfiguration;
			buildSettings = {
				ASSETCATALOG_COMPILER_APPICON_NAME = AppIcon;
				ASSETCATALOG_COMPILER_GLOBAL_ACCENT_COLOR_NAME = AccentColor;
				CODE_SIGN_STYLE = Automatic;
				CURRENT_PROJECT_VERSION = 1;
				GENERATE_INFOPLIST_FILE = YES;
				INFOPLIST_FILE = RecipesBook/App/Info.plist;
				INFOPLIST_KEY_UIApplicationSupportsIndirectInputEvents = YES;
				INFOPLIST_KEY_UILaunchStoryboardName = LaunchScreen;
				INFOPLIST_KEY_UIMainStoryboardFile = Main;
				INFOPLIST_KEY_UISupportedInterfaceOrientations_iPad = "UIInterfaceOrientationPortrait UIInterfaceOrientationPortraitUpsideDown UIInterfaceOrientationLandscapeLeft UIInterfaceOrientationLandscapeRight";
				INFOPLIST_KEY_UISupportedInterfaceOrientations_iPhone = "UIInterfaceOrientationPortrait UIInterfaceOrientationLandscapeLeft UIInterfaceOrientationLandscapeRight";
				LD_RUNPATH_SEARCH_PATHS = (
					"$(inherited)",
					"@executable_path/Frameworks",
				);
				MARKETING_VERSION = 1.0;
				PRODUCT_BUNDLE_IDENTIFIER = com.rakhymzhan.RecipesBook;
				PRODUCT_NAME = "$(TARGET_NAME)";
				SWIFT_EMIT_LOC_STRINGS = YES;
				SWIFT_VERSION = 5.0;
				TARGETED_DEVICE_FAMILY = "1,2";
			};
			name = Release;
		};
		BF6B98782BAF731A00F17A14 /* Debug */ = {
			isa = XCBuildConfiguration;
			buildSettings = {
				ALWAYS_EMBED_SWIFT_STANDARD_LIBRARIES = YES;
				BUNDLE_LOADER = "$(TEST_HOST)";
				CODE_SIGN_STYLE = Automatic;
				CURRENT_PROJECT_VERSION = 1;
				GENERATE_INFOPLIST_FILE = YES;
				IPHONEOS_DEPLOYMENT_TARGET = 17.4;
				MARKETING_VERSION = 1.0;
				PRODUCT_BUNDLE_IDENTIFIER = com.rakhymzhan.RecipesBookTests;
				PRODUCT_NAME = "$(TARGET_NAME)";
				SWIFT_EMIT_LOC_STRINGS = NO;
				SWIFT_VERSION = 5.0;
				TARGETED_DEVICE_FAMILY = "1,2";
				TEST_HOST = "$(BUILT_PRODUCTS_DIR)/RecipesBook.app/$(BUNDLE_EXECUTABLE_FOLDER_PATH)/RecipesBook";
			};
			name = Debug;
		};
		BF6B98792BAF731A00F17A14 /* Release */ = {
			isa = XCBuildConfiguration;
			buildSettings = {
				ALWAYS_EMBED_SWIFT_STANDARD_LIBRARIES = YES;
				BUNDLE_LOADER = "$(TEST_HOST)";
				CODE_SIGN_STYLE = Automatic;
				CURRENT_PROJECT_VERSION = 1;
				GENERATE_INFOPLIST_FILE = YES;
				IPHONEOS_DEPLOYMENT_TARGET = 17.4;
				MARKETING_VERSION = 1.0;
				PRODUCT_BUNDLE_IDENTIFIER = com.rakhymzhan.RecipesBookTests;
				PRODUCT_NAME = "$(TARGET_NAME)";
				SWIFT_EMIT_LOC_STRINGS = NO;
				SWIFT_VERSION = 5.0;
				TARGETED_DEVICE_FAMILY = "1,2";
				TEST_HOST = "$(BUILT_PRODUCTS_DIR)/RecipesBook.app/$(BUNDLE_EXECUTABLE_FOLDER_PATH)/RecipesBook";
			};
			name = Release;
		};
		BF6B987B2BAF731A00F17A14 /* Debug */ = {
			isa = XCBuildConfiguration;
			buildSettings = {
				ALWAYS_EMBED_SWIFT_STANDARD_LIBRARIES = YES;
				CODE_SIGN_STYLE = Automatic;
				CURRENT_PROJECT_VERSION = 1;
				GENERATE_INFOPLIST_FILE = YES;
				MARKETING_VERSION = 1.0;
				PRODUCT_BUNDLE_IDENTIFIER = com.rakhymzhan.RecipesBookUITests;
				PRODUCT_NAME = "$(TARGET_NAME)";
				SWIFT_EMIT_LOC_STRINGS = NO;
				SWIFT_VERSION = 5.0;
				TARGETED_DEVICE_FAMILY = "1,2";
				TEST_TARGET_NAME = RecipesBook;
			};
			name = Debug;
		};
		BF6B987C2BAF731A00F17A14 /* Release */ = {
			isa = XCBuildConfiguration;
			buildSettings = {
				ALWAYS_EMBED_SWIFT_STANDARD_LIBRARIES = YES;
				CODE_SIGN_STYLE = Automatic;
				CURRENT_PROJECT_VERSION = 1;
				GENERATE_INFOPLIST_FILE = YES;
				MARKETING_VERSION = 1.0;
				PRODUCT_BUNDLE_IDENTIFIER = com.rakhymzhan.RecipesBookUITests;
				PRODUCT_NAME = "$(TARGET_NAME)";
				SWIFT_EMIT_LOC_STRINGS = NO;
				SWIFT_VERSION = 5.0;
				TARGETED_DEVICE_FAMILY = "1,2";
				TEST_TARGET_NAME = RecipesBook;
			};
			name = Release;
		};
/* End XCBuildConfiguration section */

/* Begin XCConfigurationList section */
		BF6B98452BAF731700F17A14 /* Build configuration list for PBXProject "RecipesBook" */ = {
			isa = XCConfigurationList;
			buildConfigurations = (
				BF6B98722BAF731A00F17A14 /* Debug */,
				BF6B98732BAF731A00F17A14 /* Release */,
			);
			defaultConfigurationIsVisible = 0;
			defaultConfigurationName = Release;
		};
		BF6B98742BAF731A00F17A14 /* Build configuration list for PBXNativeTarget "RecipesBook" */ = {
			isa = XCConfigurationList;
			buildConfigurations = (
				BF6B98752BAF731A00F17A14 /* Debug */,
				BF6B98762BAF731A00F17A14 /* Release */,
			);
			defaultConfigurationIsVisible = 0;
			defaultConfigurationName = Release;
		};
		BF6B98772BAF731A00F17A14 /* Build configuration list for PBXNativeTarget "RecipesBookTests" */ = {
			isa = XCConfigurationList;
			buildConfigurations = (
				BF6B98782BAF731A00F17A14 /* Debug */,
				BF6B98792BAF731A00F17A14 /* Release */,
			);
			defaultConfigurationIsVisible = 0;
			defaultConfigurationName = Release;
		};
		BF6B987A2BAF731A00F17A14 /* Build configuration list for PBXNativeTarget "RecipesBookUITests" */ = {
			isa = XCConfigurationList;
			buildConfigurations = (
				BF6B987B2BAF731A00F17A14 /* Debug */,
				BF6B987C2BAF731A00F17A14 /* Release */,
			);
			defaultConfigurationIsVisible = 0;
			defaultConfigurationName = Release;
		};
/* End XCConfigurationList section */
	};
	rootObject = BF6B98422BAF731700F17A14 /* Project object */;
}
